
Microsoft Visual Studio Solution File, Format Version 11.00
# Visual Studio 2010
Project("{FAE04EC0-301F-11D3-BF4B-00C04F79EFBC}") = "Agvise", "Agvise\Agvise.csproj", "{7081C799-BD44-49EF-9650-EE9079AC5B1F}"
EndProject
Global
	GlobalSection(SolutionConfigurationPlatforms) = preSolution
		Debug|iPhoneSimulator = Debug|iPhoneSimulator
		Release|iPhoneSimulator = Release|iPhoneSimulator
		Debug|iPhone = Debug|iPhone
		Release|iPhone = Release|iPhone
		Ad-Hoc|iPhone = Ad-Hoc|iPhone
		AppStore|iPhone = AppStore|iPhone
	EndGlobalSection
	GlobalSection(ProjectConfigurationPlatforms) = postSolution
		{7081C799-BD44-49EF-9650-EE9079AC5B1F}.Ad-Hoc|iPhone.ActiveCfg = Ad-Hoc|iPhone
		{7081C799-BD44-49EF-9650-EE9079AC5B1F}.Ad-Hoc|iPhone.Build.0 = Ad-Hoc|iPhone
		{7081C799-BD44-49EF-9650-EE9079AC5B1F}.AppStore|iPhone.ActiveCfg = AppStore|iPhone
		{7081C799-BD44-49EF-9650-EE9079AC5B1F}.AppStore|iPhone.Build.0 = AppStore|iPhone
		{7081C799-BD44-49EF-9650-EE9079AC5B1F}.Debug|iPhone.ActiveCfg = Debug|iPhone
		{7081C799-BD44-49EF-9650-EE9079AC5B1F}.Debug|iPhone.Build.0 = Debug|iPhone
		{7081C799-BD44-49EF-9650-EE9079AC5B1F}.Debug|iPhoneSimulator.ActiveCfg = Debug|iPhoneSimulator
		{7081C799-BD44-49EF-9650-EE9079AC5B1F}.Debug|iPhoneSimulator.Build.0 = Debug|iPhoneSimulator
		{7081C799-BD44-49EF-9650-EE9079AC5B1F}.Release|iPhone.ActiveCfg = Release|iPhone
		{7081C799-BD44-49EF-9650-EE9079AC5B1F}.Release|iPhone.Build.0 = Release|iPhone
		{7081C799-BD44-49EF-9650-EE9079AC5B1F}.Release|iPhoneSimulator.ActiveCfg = Release|iPhoneSimulator
		{7081C799-BD44-49EF-9650-EE9079AC5B1F}.Release|iPhoneSimulator.Build.0 = Release|iPhoneSimulator
	EndGlobalSection
	GlobalSection(MonoDevelopProperties) = preSolution
		StartupItem = Agvise\Agvise.csproj
	EndGlobalSection
EndGlobal
